// !$*UTF8*$!
{
	archiveVersion = 1;
	classes = {
	};
	objectVersion = 46;
	objects = {

/* Begin PBXBuildFile section */
		521971CB1DFA9B14009C7D65 /* main.m in Sources */ = {isa = PBXBuildFile; fileRef = 521971CA1DFA9B14009C7D65 /* main.m */; };
		521971CE1DFA9B14009C7D65 /* AppDelegate.m in Sources */ = {isa = PBXBuildFile; fileRef = 521971CD1DFA9B14009C7D65 /* AppDelegate.m */; };
		521971D11DFA9B14009C7D65 /* ViewController.m in Sources */ = {isa = PBXBuildFile; fileRef = 521971D01DFA9B14009C7D65 /* ViewController.m */; };
		521971D41DFA9B14009C7D65 /* Main.storyboard in Resources */ = {isa = PBXBuildFile; fileRef = 521971D21DFA9B14009C7D65 /* Main.storyboard */; };
		521971D61DFA9B14009C7D65 /* Assets.xcassets in Resources */ = {isa = PBXBuildFile; fileRef = 521971D51DFA9B14009C7D65 /* Assets.xcassets */; };
		521971D91DFA9B14009C7D65 /* LaunchScreen.storyboard in Resources */ = {isa = PBXBuildFile; fileRef = 521971D71DFA9B14009C7D65 /* LaunchScreen.storyboard */; };
		521971E41DFA9B14009C7D65 /* testTests.m in Sources */ = {isa = PBXBuildFile; fileRef = 521971E31DFA9B14009C7D65 /* testTests.m */; };
		521971EF1DFA9B14009C7D65 /* testUITests.m in Sources */ = {isa = PBXBuildFile; fileRef = 521971EE1DFA9B14009C7D65 /* testUITests.m */; };
		E73259B61E0BC05800B5D93A /* UIView+JZGAdd.m in Sources */ = {isa = PBXBuildFile; fileRef = E73259B51E0BC05800B5D93A /* UIView+JZGAdd.m */; };
		E73259B91E0BC2F600B5D93A /* MCPoper.m in Sources */ = {isa = PBXBuildFile; fileRef = E73259B81E0BC2F600B5D93A /* MCPoper.m */; };
		E73259C01E10AB8E00B5D93A /* Object.c in Sources */ = {isa = PBXBuildFile; fileRef = E73259BE1E10AB8E00B5D93A /* Object.c */; };
		E73259C31E10AF9400B5D93A /* String.c in Sources */ = {isa = PBXBuildFile; fileRef = E73259C11E10AF9400B5D93A /* String.c */; };
		E73259C61E10B19400B5D93A /* Integer.c in Sources */ = {isa = PBXBuildFile; fileRef = E73259C41E10B19400B5D93A /* Integer.c */; };
		E73259C91E10B3E700B5D93A /* People.c in Sources */ = {isa = PBXBuildFile; fileRef = E73259C71E10B3E700B5D93A /* People.c */; };
		E73259CC1E10B54200B5D93A /* Array.c in Sources */ = {isa = PBXBuildFile; fileRef = E73259CA1E10B54200B5D93A /* Array.c */; };
/* End PBXBuildFile section */

/* Begin PBXContainerItemProxy section */
		521971E01DFA9B14009C7D65 /* PBXContainerItemProxy */ = {
			isa = PBXContainerItemProxy;
			containerPortal = 521971BE1DFA9B13009C7D65 /* Project object */;
			proxyType = 1;
			remoteGlobalIDString = 521971C51DFA9B13009C7D65;
			remoteInfo = test;
		};
		521971EB1DFA9B14009C7D65 /* PBXContainerItemProxy */ = {
			isa = PBXContainerItemProxy;
			containerPortal = 521971BE1DFA9B13009C7D65 /* Project object */;
			proxyType = 1;
			remoteGlobalIDString = 521971C51DFA9B13009C7D65;
			remoteInfo = test;
		};
/* End PBXContainerItemProxy section */

/* Begin PBXFileReference section */
		521971C61DFA9B13009C7D65 /* test.app */ = {isa = PBXFileReference; explicitFileType = wrapper.application; includeInIndex = 0; path = test.app; sourceTree = BUILT_PRODUCTS_DIR; };
		521971CA1DFA9B14009C7D65 /* main.m */ = {isa = PBXFileReference; lastKnownFileType = sourcecode.c.objc; path = main.m; sourceTree = "<group>"; };
		521971CC1DFA9B14009C7D65 /* AppDelegate.h */ = {isa = PBXFileReference; lastKnownFileType = sourcecode.c.h; path = AppDelegate.h; sourceTree = "<group>"; };
		521971CD1DFA9B14009C7D65 /* AppDelegate.m */ = {isa = PBXFileReference; lastKnownFileType = sourcecode.c.objc; path = AppDelegate.m; sourceTree = "<group>"; };
		521971CF1DFA9B14009C7D65 /* ViewController.h */ = {isa = PBXFileReference; lastKnownFileType = sourcecode.c.h; path = ViewController.h; sourceTree = "<group>"; };
		521971D01DFA9B14009C7D65 /* ViewController.m */ = {isa = PBXFileReference; lastKnownFileType = sourcecode.c.objc; path = ViewController.m; sourceTree = "<group>"; };
		521971D31DFA9B14009C7D65 /* Base */ = {isa = PBXFileReference; lastKnownFileType = file.storyboard; name = Base; path = Base.lproj/Main.storyboard; sourceTree = "<group>"; };
		521971D51DFA9B14009C7D65 /* Assets.xcassets */ = {isa = PBXFileReference; lastKnownFileType = folder.assetcatalog; path = Assets.xcassets; sourceTree = "<group>"; };
		521971D81DFA9B14009C7D65 /* Base */ = {isa = PBXFileReference; lastKnownFileType = file.storyboard; name = Base; path = Base.lproj/LaunchScreen.storyboard; sourceTree = "<group>"; };
		521971DA1DFA9B14009C7D65 /* Info.plist */ = {isa = PBXFileReference; lastKnownFileType = text.plist.xml; path = Info.plist; sourceTree = "<group>"; };
		521971DF1DFA9B14009C7D65 /* testTests.xctest */ = {isa = PBXFileReference; explicitFileType = wrapper.cfbundle; includeInIndex = 0; path = testTests.xctest; sourceTree = BUILT_PRODUCTS_DIR; };
		521971E31DFA9B14009C7D65 /* testTests.m */ = {isa = PBXFileReference; lastKnownFileType = sourcecode.c.objc; path = testTests.m; sourceTree = "<group>"; };
		521971E51DFA9B14009C7D65 /* Info.plist */ = {isa = PBXFileReference; lastKnownFileType = text.plist.xml; path = Info.plist; sourceTree = "<group>"; };
		521971EA1DFA9B14009C7D65 /* testUITests.xctest */ = {isa = PBXFileReference; explicitFileType = wrapper.cfbundle; includeInIndex = 0; path = testUITests.xctest; sourceTree = BUILT_PRODUCTS_DIR; };
		521971EE1DFA9B14009C7D65 /* testUITests.m */ = {isa = PBXFileReference; lastKnownFileType = sourcecode.c.objc; path = testUITests.m; sourceTree = "<group>"; };
		521971F01DFA9B14009C7D65 /* Info.plist */ = {isa = PBXFileReference; lastKnownFileType = text.plist.xml; path = Info.plist; sourceTree = "<group>"; };
		E73259B41E0BC05800B5D93A /* UIView+JZGAdd.h */ = {isa = PBXFileReference; fileEncoding = 4; lastKnownFileType = sourcecode.c.h; path = "UIView+JZGAdd.h"; sourceTree = "<group>"; };
		E73259B51E0BC05800B5D93A /* UIView+JZGAdd.m */ = {isa = PBXFileReference; fileEncoding = 4; lastKnownFileType = sourcecode.c.objc; path = "UIView+JZGAdd.m"; sourceTree = "<group>"; };
		E73259B71E0BC2F600B5D93A /* MCPoper.h */ = {isa = PBXFileReference; fileEncoding = 4; lastKnownFileType = sourcecode.c.h; path = MCPoper.h; sourceTree = "<group>"; };
		E73259B81E0BC2F600B5D93A /* MCPoper.m */ = {isa = PBXFileReference; fileEncoding = 4; lastKnownFileType = sourcecode.c.objc; path = MCPoper.m; sourceTree = "<group>"; };
		E73259BE1E10AB8E00B5D93A /* Object.c */ = {isa = PBXFileReference; fileEncoding = 4; lastKnownFileType = sourcecode.c.c; path = Object.c; sourceTree = "<group>"; };
		E73259BF1E10AB8E00B5D93A /* Object.h */ = {isa = PBXFileReference; fileEncoding = 4; lastKnownFileType = sourcecode.c.h; path = Object.h; sourceTree = "<group>"; };
		E73259C11E10AF9400B5D93A /* String.c */ = {isa = PBXFileReference; fileEncoding = 4; lastKnownFileType = sourcecode.c.c; path = String.c; sourceTree = "<group>"; };
		E73259C21E10AF9400B5D93A /* String.h */ = {isa = PBXFileReference; fileEncoding = 4; lastKnownFileType = sourcecode.c.h; path = String.h; sourceTree = "<group>"; };
		E73259C41E10B19400B5D93A /* Integer.c */ = {isa = PBXFileReference; fileEncoding = 4; lastKnownFileType = sourcecode.c.c; path = Integer.c; sourceTree = "<group>"; };
		E73259C51E10B19400B5D93A /* Integer.h */ = {isa = PBXFileReference; fileEncoding = 4; lastKnownFileType = sourcecode.c.h; path = Integer.h; sourceTree = "<group>"; };
		E73259C71E10B3E700B5D93A /* People.c */ = {isa = PBXFileReference; fileEncoding = 4; lastKnownFileType = sourcecode.c.c; path = People.c; sourceTree = "<group>"; };
		E73259C81E10B3E700B5D93A /* People.h */ = {isa = PBXFileReference; fileEncoding = 4; lastKnownFileType = sourcecode.c.h; path = People.h; sourceTree = "<group>"; };
		E73259CA1E10B54200B5D93A /* Array.c */ = {isa = PBXFileReference; fileEncoding = 4; lastKnownFileType = sourcecode.c.c; path = Array.c; sourceTree = "<group>"; };
		E73259CB1E10B54200B5D93A /* Array.h */ = {isa = PBXFileReference; fileEncoding = 4; lastKnownFileType = sourcecode.c.h; path = Array.h; sourceTree = "<group>"; };
/* End PBXFileReference section */

/* Begin PBXFrameworksBuildPhase section */
		521971C31DFA9B13009C7D65 /* Frameworks */ = {
			isa = PBXFrameworksBuildPhase;
			buildActionMask = 2147483647;
			files = (
			);
			runOnlyForDeploymentPostprocessing = 0;
		};
		521971DC1DFA9B14009C7D65 /* Frameworks */ = {
			isa = PBXFrameworksBuildPhase;
			buildActionMask = 2147483647;
			files = (
			);
			runOnlyForDeploymentPostprocessing = 0;
		};
		521971E71DFA9B14009C7D65 /* Frameworks */ = {
			isa = PBXFrameworksBuildPhase;
			buildActionMask = 2147483647;
			files = (
			);
			runOnlyForDeploymentPostprocessing = 0;
		};
/* End PBXFrameworksBuildPhase section */

/* Begin PBXGroup section */
		521971BD1DFA9B13009C7D65 = {
			isa = PBXGroup;
			children = (
				521971C81DFA9B13009C7D65 /* test */,
				521971E21DFA9B14009C7D65 /* testTests */,
				521971ED1DFA9B14009C7D65 /* testUITests */,
				521971C71DFA9B13009C7D65 /* Products */,
			);
			sourceTree = "<group>";
		};
		521971C71DFA9B13009C7D65 /* Products */ = {
			isa = PBXGroup;
			children = (
				521971C61DFA9B13009C7D65 /* test.app */,
				521971DF1DFA9B14009C7D65 /* testTests.xctest */,
				521971EA1DFA9B14009C7D65 /* testUITests.xctest */,
			);
			name = Products;
			sourceTree = "<group>";
		};
		521971C81DFA9B13009C7D65 /* test */ = {
			isa = PBXGroup;
			children = (
				E73259B41E0BC05800B5D93A /* UIView+JZGAdd.h */,
				E73259B51E0BC05800B5D93A /* UIView+JZGAdd.m */,
				521971CC1DFA9B14009C7D65 /* AppDelegate.h */,
				521971CD1DFA9B14009C7D65 /* AppDelegate.m */,
				521971CF1DFA9B14009C7D65 /* ViewController.h */,
				521971D01DFA9B14009C7D65 /* ViewController.m */,
				E73259BF1E10AB8E00B5D93A /* Object.h */,
				E73259BE1E10AB8E00B5D93A /* Object.c */,
				E73259C11E10AF9400B5D93A /* String.c */,
				E73259C21E10AF9400B5D93A /* String.h */,
				E73259C41E10B19400B5D93A /* Integer.c */,
				E73259C51E10B19400B5D93A /* Integer.h */,
				E73259C71E10B3E700B5D93A /* People.c */,
				E73259C81E10B3E700B5D93A /* People.h */,
				E73259CA1E10B54200B5D93A /* Array.c */,
				E73259CB1E10B54200B5D93A /* Array.h */,
				E73259B71E0BC2F600B5D93A /* MCPoper.h */,
				E73259B81E0BC2F600B5D93A /* MCPoper.m */,
				521971D21DFA9B14009C7D65 /* Main.storyboard */,
				521971D51DFA9B14009C7D65 /* Assets.xcassets */,
				521971D71DFA9B14009C7D65 /* LaunchScreen.storyboard */,
				521971DA1DFA9B14009C7D65 /* Info.plist */,
				521971C91DFA9B14009C7D65 /* Supporting Files */,
			);
			path = test;
			sourceTree = "<group>";
		};
		521971C91DFA9B14009C7D65 /* Supporting Files */ = {
			isa = PBXGroup;
			children = (
				521971CA1DFA9B14009C7D65 /* main.m */,
			);
			name = "Supporting Files";
			sourceTree = "<group>";
		};
		521971E21DFA9B14009C7D65 /* testTests */ = {
			isa = PBXGroup;
			children = (
				521971E31DFA9B14009C7D65 /* testTests.m */,
				521971E51DFA9B14009C7D65 /* Info.plist */,
			);
			path = testTests;
			sourceTree = "<group>";
		};
		521971ED1DFA9B14009C7D65 /* testUITests */ = {
			isa = PBXGroup;
			children = (
				521971EE1DFA9B14009C7D65 /* testUITests.m */,
				521971F01DFA9B14009C7D65 /* Info.plist */,
			);
			path = testUITests;
			sourceTree = "<group>";
		};
/* End PBXGroup section */

/* Begin PBXNativeTarget section */
		521971C51DFA9B13009C7D65 /* test */ = {
			isa = PBXNativeTarget;
			buildConfigurationList = 521971F31DFA9B14009C7D65 /* Build configuration list for PBXNativeTarget "test" */;
			buildPhases = (
				521971C21DFA9B13009C7D65 /* Sources */,
				521971C31DFA9B13009C7D65 /* Frameworks */,
				521971C41DFA9B13009C7D65 /* Resources */,
			);
			buildRules = (
			);
			dependencies = (
			);
			name = test;
			productName = test;
			productReference = 521971C61DFA9B13009C7D65 /* test.app */;
			productType = "com.apple.product-type.application";
		};
		521971DE1DFA9B14009C7D65 /* testTests */ = {
			isa = PBXNativeTarget;
			buildConfigurationList = 521971F61DFA9B14009C7D65 /* Build configuration list for PBXNativeTarget "testTests" */;
			buildPhases = (
				521971DB1DFA9B14009C7D65 /* Sources */,
				521971DC1DFA9B14009C7D65 /* Frameworks */,
				521971DD1DFA9B14009C7D65 /* Resources */,
			);
			buildRules = (
			);
			dependencies = (
				521971E11DFA9B14009C7D65 /* PBXTargetDependency */,
			);
			name = testTests;
			productName = testTests;
			productReference = 521971DF1DFA9B14009C7D65 /* testTests.xctest */;
			productType = "com.apple.product-type.bundle.unit-test";
		};
		521971E91DFA9B14009C7D65 /* testUITests */ = {
			isa = PBXNativeTarget;
			buildConfigurationList = 521971F91DFA9B14009C7D65 /* Build configuration list for PBXNativeTarget "testUITests" */;
			buildPhases = (
				521971E61DFA9B14009C7D65 /* Sources */,
				521971E71DFA9B14009C7D65 /* Frameworks */,
				521971E81DFA9B14009C7D65 /* Resources */,
			);
			buildRules = (
			);
			dependencies = (
				521971EC1DFA9B14009C7D65 /* PBXTargetDependency */,
			);
			name = testUITests;
			productName = testUITests;
			productReference = 521971EA1DFA9B14009C7D65 /* testUITests.xctest */;
			productType = "com.apple.product-type.bundle.ui-testing";
		};
/* End PBXNativeTarget section */

/* Begin PBXProject section */
		521971BE1DFA9B13009C7D65 /* Project object */ = {
			isa = PBXProject;
			attributes = {
				LastUpgradeCheck = 0810;
				ORGANIZATIONNAME = c;
				TargetAttributes = {
					521971C51DFA9B13009C7D65 = {
						CreatedOnToolsVersion = 8.1;
						ProvisioningStyle = Automatic;
					};
					521971DE1DFA9B14009C7D65 = {
						CreatedOnToolsVersion = 8.1;
						ProvisioningStyle = Automatic;
						TestTargetID = 521971C51DFA9B13009C7D65;
					};
					521971E91DFA9B14009C7D65 = {
						CreatedOnToolsVersion = 8.1;
						ProvisioningStyle = Automatic;
						TestTargetID = 521971C51DFA9B13009C7D65;
					};
				};
			};
			buildConfigurationList = 521971C11DFA9B13009C7D65 /* Build configuration list for PBXProject "test" */;
			compatibilityVersion = "Xcode 3.2";
			developmentRegion = English;
			hasScannedForEncodings = 0;
			knownRegions = (
				en,
				Base,
			);
			mainGroup = 521971BD1DFA9B13009C7D65;
			productRefGroup = 521971C71DFA9B13009C7D65 /* Products */;
			projectDirPath = "";
			projectRoot = "";
			targets = (
				521971C51DFA9B13009C7D65 /* test */,
				521971DE1DFA9B14009C7D65 /* testTests */,
				521971E91DFA9B14009C7D65 /* testUITests */,
			);
		};
/* End PBXProject section */

/* Begin PBXResourcesBuildPhase section */
		521971C41DFA9B13009C7D65 /* Resources */ = {
			isa = PBXResourcesBuildPhase;
			buildActionMask = 2147483647;
			files = (
				521971D91DFA9B14009C7D65 /* LaunchScreen.storyboard in Resources */,
				521971D61DFA9B14009C7D65 /* Assets.xcassets in Resources */,
				521971D41DFA9B14009C7D65 /* Main.storyboard in Resources */,
			);
			runOnlyForDeploymentPostprocessing = 0;
		};
		521971DD1DFA9B14009C7D65 /* Resources */ = {
			isa = PBXResourcesBuildPhase;
			buildActionMask = 2147483647;
			files = (
			);
			runOnlyForDeploymentPostprocessing = 0;
		};
		521971E81DFA9B14009C7D65 /* Resources */ = {
			isa = PBXResourcesBuildPhase;
			buildActionMask = 2147483647;
			files = (
			);
			runOnlyForDeploymentPostprocessing = 0;
		};
/* End PBXResourcesBuildPhase section */

/* Begin PBXSourcesBuildPhase section */
		521971C21DFA9B13009C7D65 /* Sources */ = {
			isa = PBXSourcesBuildPhase;
			buildActionMask = 2147483647;
			files = (
				E73259C61E10B19400B5D93A /* Integer.c in Sources */,
				521971D11DFA9B14009C7D65 /* ViewController.m in Sources */,
				E73259B91E0BC2F600B5D93A /* MCPoper.m in Sources */,
				521971CE1DFA9B14009C7D65 /* AppDelegate.m in Sources */,
				E73259B61E0BC05800B5D93A /* UIView+JZGAdd.m in Sources */,
				E73259C01E10AB8E00B5D93A /* Object.c in Sources */,
				E73259C31E10AF9400B5D93A /* String.c in Sources */,
				E73259CC1E10B54200B5D93A /* Array.c in Sources */,
				E73259C91E10B3E700B5D93A /* People.c in Sources */,
				521971CB1DFA9B14009C7D65 /* main.m in Sources */,
			);
			runOnlyForDeploymentPostprocessing = 0;
		};
		521971DB1DFA9B14009C7D65 /* Sources */ = {
			isa = PBXSourcesBuildPhase;
			buildActionMask = 2147483647;
			files = (
				521971E41DFA9B14009C7D65 /* testTests.m in Sources */,
			);
			runOnlyForDeploymentPostprocessing = 0;
		};
		521971E61DFA9B14009C7D65 /* Sources */ = {
			isa = PBXSourcesBuildPhase;
			buildActionMask = 2147483647;
			files = (
				521971EF1DFA9B14009C7D65 /* testUITests.m in Sources */,
			);
			runOnlyForDeploymentPostprocessing = 0;
		};
/* End PBXSourcesBuildPhase section */

/* Begin PBXTargetDependency section */
		521971E11DFA9B14009C7D65 /* PBXTargetDependency */ = {
			isa = PBXTargetDependency;
			target = 521971C51DFA9B13009C7D65 /* test */;
			targetProxy = 521971E01DFA9B14009C7D65 /* PBXContainerItemProxy */;
		};
		521971EC1DFA9B14009C7D65 /* PBXTargetDependency */ = {
			isa = PBXTargetDependency;
			target = 521971C51DFA9B13009C7D65 /* test */;
			targetProxy = 521971EB1DFA9B14009C7D65 /* PBXContainerItemProxy */;
		};
/* End PBXTargetDependency section */

/* Begin PBXVariantGroup section */
		521971D21DFA9B14009C7D65 /* Main.storyboard */ = {
			isa = PBXVariantGroup;
			children = (
				521971D31DFA9B14009C7D65 /* Base */,
			);
			name = Main.storyboard;
			sourceTree = "<group>";
		};
		521971D71DFA9B14009C7D65 /* LaunchScreen.storyboard */ = {
			isa = PBXVariantGroup;
			children = (
				521971D81DFA9B14009C7D65 /* Base */,
			);
			name = LaunchScreen.storyboard;
			sourceTree = "<group>";
		};
/* End PBXVariantGroup section */

/* Begin XCBuildConfiguration section */
		521971F11DFA9B14009C7D65 /* Debug */ = {
			isa = XCBuildConfiguration;
			buildSettings = {
				ALWAYS_SEARCH_USER_PATHS = NO;
				CLANG_ANALYZER_NONNULL = YES;
				CLANG_CXX_LANGUAGE_STANDARD = "gnu++0x";
				CLANG_CXX_LIBRARY = "libc++";
				CLANG_ENABLE_MODULES = YES;
				CLANG_ENABLE_OBJC_ARC = YES;
				CLANG_WARN_BOOL_CONVERSION = YES;
				CLANG_WARN_CONSTANT_CONVERSION = YES;
				CLANG_WARN_DIRECT_OBJC_ISA_USAGE = YES_ERROR;
				CLANG_WARN_DOCUMENTATION_COMMENTS = YES;
				CLANG_WARN_EMPTY_BODY = YES;
				CLANG_WARN_ENUM_CONVERSION = YES;
				CLANG_WARN_INFINITE_RECURSION = YES;
				CLANG_WARN_INT_CONVERSION = YES;
				CLANG_WARN_OBJC_ROOT_CLASS = YES_ERROR;
				CLANG_WARN_SUSPICIOUS_MOVES = YES;
				CLANG_WARN_UNREACHABLE_CODE = YES;
				CLANG_WARN__DUPLICATE_METHOD_MATCH = YES;
				"CODE_SIGN_IDENTITY[sdk=iphoneos*]" = "iPhone Developer";
				COPY_PHASE_STRIP = NO;
				DEBUG_INFORMATION_FORMAT = dwarf;
				ENABLE_STRICT_OBJC_MSGSEND = YES;
				ENABLE_TESTABILITY = YES;
				GCC_C_LANGUAGE_STANDARD = gnu99;
				GCC_DYNAMIC_NO_PIC = NO;
				GCC_NO_COMMON_BLOCKS = YES;
				GCC_OPTIMIZATION_LEVEL = 0;
				GCC_PREPROCESSOR_DEFINITIONS = (
					"DEBUG=1",
					"$(inherited)",
				);
				GCC_WARN_64_TO_32_BIT_CONVERSION = YES;
				GCC_WARN_ABOUT_RETURN_TYPE = YES_ERROR;
				GCC_WARN_UNDECLARED_SELECTOR = YES;
				GCC_WARN_UNINITIALIZED_AUTOS = YES_AGGRESSIVE;
				GCC_WARN_UNUSED_FUNCTION = YES;
				GCC_WARN_UNUSED_VARIABLE = YES;
				IPHONEOS_DEPLOYMENT_TARGET = 10.1;
				MTL_ENABLE_DEBUG_INFO = YES;
				ONLY_ACTIVE_ARCH = YES;
				SDKROOT = iphoneos;
				TARGETED_DEVICE_FAMILY = "1,2";
			};
			name = Debug;
		};
		521971F21DFA9B14009C7D65 /* Release */ = {
			isa = XCBuildConfiguration;
			buildSettings = {
				ALWAYS_SEARCH_USER_PATHS = NO;
				CLANG_ANALYZER_NONNULL = YES;
				CLANG_CXX_LANGUAGE_STANDARD = "gnu++0x";
				CLANG_CXX_LIBRARY = "libc++";
				CLANG_ENABLE_MODULES = YES;
				CLANG_ENABLE_OBJC_ARC = YES;
				CLANG_WARN_BOOL_CONVERSION = YES;
				CLANG_WARN_CONSTANT_CONVERSION = YES;
				CLANG_WARN_DIRECT_OBJC_ISA_USAGE = YES_ERROR;
				CLANG_WARN_DOCUMENTATION_COMMENTS = YES;
				CLANG_WARN_EMPTY_BODY = YES;
				CLANG_WARN_ENUM_CONVERSION = YES;
				CLANG_WARN_INFINITE_RECURSION = YES;
				CLANG_WARN_INT_CONVERSION = YES;
				CLANG_WARN_OBJC_ROOT_CLASS = YES_ERROR;
				CLANG_WARN_SUSPICIOUS_MOVES = YES;
				CLANG_WARN_UNREACHABLE_CODE = YES;
				CLANG_WARN__DUPLICATE_METHOD_MATCH = YES;
				"CODE_SIGN_IDENTITY[sdk=iphoneos*]" = "iPhone Developer";
				COPY_PHASE_STRIP = NO;
				DEBUG_INFORMATION_FORMAT = "dwarf-with-dsym";
				ENABLE_NS_ASSERTIONS = NO;
				ENABLE_STRICT_OBJC_MSGSEND = YES;
				GCC_C_LANGUAGE_STANDARD = gnu99;
				GCC_NO_COMMON_BLOCKS = YES;
				GCC_WARN_64_TO_32_BIT_CONVERSION = YES;
				GCC_WARN_ABOUT_RETURN_TYPE = YES_ERROR;
				GCC_WARN_UNDECLARED_SELECTOR = YES;
				GCC_WARN_UNINITIALIZED_AUTOS = YES_AGGRESSIVE;
				GCC_WARN_UNUSED_FUNCTION = YES;
				GCC_WARN_UNUSED_VARIABLE = YES;
				IPHONEOS_DEPLOYMENT_TARGET = 10.1;
				MTL_ENABLE_DEBUG_INFO = NO;
				SDKROOT = iphoneos;
				TARGETED_DEVICE_FAMILY = "1,2";
				VALIDATE_PRODUCT = YES;
			};
			name = Release;
		};
		521971F41DFA9B14009C7D65 /* Debug */ = {
			isa = XCBuildConfiguration;
			buildSettings = {
				ASSETCATALOG_COMPILER_APPICON_NAME = AppIcon;
				CLANG_ENABLE_OBJC_ARC = NO;
				INFOPLIST_FILE = test/Info.plist;
				LD_RUNPATH_SEARCH_PATHS = "$(inherited) @executable_path/Frameworks";
				PRODUCT_BUNDLE_IDENTIFIER = c.test;
				PRODUCT_NAME = "$(TARGET_NAME)";
			};
			name = Debug;
		};
		521971F51DFA9B14009C7D65 /* Release */ = {
			isa = XCBuildConfiguration;
			buildSettings = {
				ASSETCATALOG_COMPILER_APPICON_NAME = AppIcon;
				CLANG_ENABLE_OBJC_ARC = NO;
				INFOPLIST_FILE = test/Info.plist;
				LD_RUNPATH_SEARCH_PATHS = "$(inherited) @executable_path/Frameworks";
				PRODUCT_BUNDLE_IDENTIFIER = c.test;
				PRODUCT_NAME = "$(TARGET_NAME)";
			};
			name = Release;
		};
		521971F71DFA9B14009C7D65 /* Debug */ = {
			isa = XCBuildConfiguration;
			buildSettings = {
				BUNDLE_LOADER = "$(TEST_HOST)";
				INFOPLIST_FILE = testTests/Info.plist;
				LD_RUNPATH_SEARCH_PATHS = "$(inherited) @executable_path/Frameworks @loader_path/Frameworks";
				PRODUCT_BUNDLE_IDENTIFIER = c.testTests;
				PRODUCT_NAME = "$(TARGET_NAME)";
				TEST_HOST = "$(BUILT_PRODUCTS_DIR)/test.app/test";
			};
			name = Debug;
		};
		521971F81DFA9B14009C7D65 /* Release */ = {
			isa = XCBuildConfiguration;
			buildSettings = {
				BUNDLE_LOADER = "$(TEST_HOST)";
				INFOPLIST_FILE = testTests/Info.plist;
				LD_RUNPATH_SEARCH_PATHS = "$(inherited) @executable_path/Frameworks @loader_path/Frameworks";
				PRODUCT_BUNDLE_IDENTIFIER = c.testTests;
				PRODUCT_NAME = "$(TARGET_NAME)";
				TEST_HOST = "$(BUILT_PRODUCTS_DIR)/test.app/test";
			};
			name = Release;
		};
		521971FA1DFA9B14009C7D65 /* Debug */ = {
			isa = XCBuildConfiguration;
			buildSettings = {
				INFOPLIST_FILE = testUITests/Info.plist;
				LD_RUNPATH_SEARCH_PATHS = "$(inherited) @executable_path/Frameworks @loader_path/Frameworks";
				PRODUCT_BUNDLE_IDENTIFIER = c.testUITests;
				PRODUCT_NAME = "$(TARGET_NAME)";
				TEST_TARGET_NAME = test;
			};
			name = Debug;
		};
		521971FB1DFA9B14009C7D65 /* Release */ = {
			isa = XCBuildConfiguration;
			buildSettings = {
				INFOPLIST_FILE = testUITests/Info.plist;
				LD_RUNPATH_SEARCH_PATHS = "$(inherited) @executable_path/Frameworks @loader_path/Frameworks";
				PRODUCT_BUNDLE_IDENTIFIER = c.testUITests;
				PRODUCT_NAME = "$(TARGET_NAME)";
				TEST_TARGET_NAME = test;
			};
			name = Release;
		};
/* End XCBuildConfiguration section */

/* Begin XCConfigurationList section */
		521971C11DFA9B13009C7D65 /* Build configuration list for PBXProject "test" */ = {
			isa = XCConfigurationList;
			buildConfigurations = (
				521971F11DFA9B14009C7D65 /* Debug */,
				521971F21DFA9B14009C7D65 /* Release */,
			);
			defaultConfigurationIsVisible = 0;
			defaultConfigurationName = Release;
		};
		521971F31DFA9B14009C7D65 /* Build configuration list for PBXNativeTarget "test" */ = {
			isa = XCConfigurationList;
			buildConfigurations = (
				521971F41DFA9B14009C7D65 /* Debug */,
				521971F51DFA9B14009C7D65 /* Release */,
			);
			defaultConfigurationIsVisible = 0;
			defaultConfigurationName = Release;
		};
		521971F61DFA9B14009C7D65 /* Build configuration list for PBXNativeTarget "testTests" */ = {
			isa = XCConfigurationList;
			buildConfigurations = (
				521971F71DFA9B14009C7D65 /* Debug */,
				521971F81DFA9B14009C7D65 /* Release */,
			);
			defaultConfigurationIsVisible = 0;
			defaultConfigurationName = Release;
		};
		521971F91DFA9B14009C7D65 /* Build configuration list for PBXNativeTarget "testUITests" */ = {
			isa = XCConfigurationList;
			buildConfigurations = (
				521971FA1DFA9B14009C7D65 /* Debug */,
				521971FB1DFA9B14009C7D65 /* Release */,
			);
			defaultConfigurationIsVisible = 0;
			defaultConfigurationName = Release;
		};
/* End XCConfigurationList section */
	};
	rootObject = 521971BE1DFA9B13009C7D65 /* Project object */;
}
